
Microsoft Visual Studio Solution File, Format Version 12.00
# Visual Studio Version 17
VisualStudioVersion = 17.4.33213.308
MinimumVisualStudioVersion = 10.0.40219.1
Project("{FAE04EC0-301F-11D3-BF4B-00C04F79EFBC}") = "Plat5", "Plat5\Plat5.csproj", "{15F3B082-DF99-463E-AEE9-277DAC774CED}"
EndProject
Global
	GlobalSection(SolutionConfigurationPlatforms) = preSolution
		Debug|Any CPU = Debug|Any CPU
		Release|Any CPU = Release|Any CPU
	EndGlobalSection
	GlobalSection(ProjectConfigurationPlatforms) = postSolution
		{15F3B082-DF99-463E-AEE9-277DAC774CED}.Debug|Any CPU.ActiveCfg = Debug|Any CPU
		{15F3B082-DF99-463E-AEE9-277DAC774CED}.Debug|Any CPU.Build.0 = Debug|Any CPU
		{15F3B082-DF99-463E-AEE9-277DAC774CED}.Release|Any CPU.ActiveCfg = Release|Any CPU
		{15F3B082-DF99-463E-AEE9-277DAC774CED}.Release|Any CPU.Build.0 = Release|Any CPU
	EndGlobalSection
	GlobalSection(SolutionProperties) = preSolution
		HideSolutionNode = FALSE
	EndGlobalSection
	GlobalSection(ExtensibilityGlobals) = postSolution
		SolutionGuid = {457BCFD8-73E5-493F-9B35-12FF70DF3CC8}
	EndGlobalSection
EndGlobal
